PODS:
  - AFNetworking (3.2.1):
    - AFNetworking/NSURLSession (= 3.2.1)
    - AFNetworking/Reachability (= 3.2.1)
    - AFNetworking/Security (= 3.2.1)
    - AFNetworking/Serialization (= 3.2.1)
    - AFNetworking/UIKit (= 3.2.1)
  - AFNetworking/NSURLSession (3.2.1):
    - AFNetworking/Reachability
    - AFNetworking/Security
    - AFNetworking/Serialization
  - AFNetworking/Reachability (3.2.1)
  - AFNetworking/Security (3.2.1)
  - AFNetworking/Serialization (3.2.1)
  - AFNetworking/UIKit (3.2.1):
    - AFNetworking/NSURLSession
  - CN_Networking (0.1.0):
    - AFNetworking
    - CN_Networking/Float (= 0.1.0)
    - CN_Networking/Network (= 0.1.0)
  - CN_Networking/Float (0.1.0):
    - AFNetworking
    - CN_Networking/Network
  - CN_Networking/Network (0.1.0):
    - AFNetworking

DEPENDENCIES:
  - CN_Networking (from `../`)

SPEC REPOS:
  https://github.com/CocoaPods/Specs.git:
    - AFNetworking

EXTERNAL SOURCES:
  CN_Networking:
    :path: "../"

SPEC CHECKSUMS:
  AFNetworking: b6f891fdfaed196b46c7a83cf209e09697b94057
  CN_Networking: b9433f25ece0065eee484555c6516a66cf08cbf5

PODFILE CHECKSUM: 8a7c7fcbbd97eaf11e9c637a1257c4899716fc87

COCOAPODS: 1.5.0
